// !$*UTF8*$!
{
	archiveVersion = 1;
	classes = {
	};
	objectVersion = 46;
	objects = {

/* Begin PBXBuildFile section */
		97DE966423AB44C0875C45C5 /* libPods.a in Frameworks */ = {isa = PBXBuildFile; fileRef = 666FC41173B74535833D3ED2 /* libPods.a */; };
		BE07A3FB18714CB3006AECEE /* CMUDrilldownViewController.m in Sources */ = {isa = PBXBuildFile; fileRef = BE07A3FA18714CB3006AECEE /* CMUDrilldownViewController.m */; };
		BE1E50A91860B2560051252B /* Foundation.framework in Frameworks */ = {isa = PBXBuildFile; fileRef = BE1E50A81860B2560051252B /* Foundation.framework */; };
		BE1E50AB1860B2560051252B /* CoreGraphics.framework in Frameworks */ = {isa = PBXBuildFile; fileRef = BE1E50AA1860B2560051252B /* CoreGraphics.framework */; };
		BE1E50AD1860B2560051252B /* UIKit.framework in Frameworks */ = {isa = PBXBuildFile; fileRef = BE1E50AC1860B2560051252B /* UIKit.framework */; };
		BE1E50B31860B2560051252B /* InfoPlist.strings in Resources */ = {isa = PBXBuildFile; fileRef = BE1E50B11860B2560051252B /* InfoPlist.strings */; };
		BE1E50B51860B2560051252B /* main.m in Sources */ = {isa = PBXBuildFile; fileRef = BE1E50B41860B2560051252B /* main.m */; };
		BE1E50B91860B2560051252B /* CMUAppDelegate.m in Sources */ = {isa = PBXBuildFile; fileRef = BE1E50B81860B2560051252B /* CMUAppDelegate.m */; };
		BE1E50BC1860B2560051252B /* Main.storyboard in Resources */ = {isa = PBXBuildFile; fileRef = BE1E50BA1860B2560051252B /* Main.storyboard */; };
		BE1E50C21860B2560051252B /* CMUSettingsViewController.m in Sources */ = {isa = PBXBuildFile; fileRef = BE1E50C11860B2560051252B /* CMUSettingsViewController.m */; };
		BE1E50C41860B2560051252B /* Images.xcassets in Resources */ = {isa = PBXBuildFile; fileRef = BE1E50C31860B2560051252B /* Images.xcassets */; };
		BE1E50CB1860B2560051252B /* XCTest.framework in Frameworks */ = {isa = PBXBuildFile; fileRef = BE1E50CA1860B2560051252B /* XCTest.framework */; };
		BE1E50CC1860B2560051252B /* Foundation.framework in Frameworks */ = {isa = PBXBuildFile; fileRef = BE1E50A81860B2560051252B /* Foundation.framework */; };
		BE1E50CD1860B2560051252B /* UIKit.framework in Frameworks */ = {isa = PBXBuildFile; fileRef = BE1E50AC1860B2560051252B /* UIKit.framework */; };
		BE1E50D51860B2560051252B /* InfoPlist.strings in Resources */ = {isa = PBXBuildFile; fileRef = BE1E50D31860B2560051252B /* InfoPlist.strings */; };
		BE1E50D71860B2560051252B /* UtilikiltTests.m in Sources */ = {isa = PBXBuildFile; fileRef = BE1E50D61860B2560051252B /* UtilikiltTests.m */; };
		BE1E50E21860B4D90051252B /* CMUGradesViewController.m in Sources */ = {isa = PBXBuildFile; fileRef = BE1E50E11860B4D90051252B /* CMUGradesViewController.m */; };
		BE1E512C1860CE630051252B /* CMUAuth.m in Sources */ = {isa = PBXBuildFile; fileRef = BE1E512B1860CE630051252B /* CMUAuth.m */; };
		BED7BD0D186E30AB0000D46A /* CMUTabViewController.m in Sources */ = {isa = PBXBuildFile; fileRef = BED7BD0C186E30AB0000D46A /* CMUTabViewController.m */; };
/* End PBXBuildFile section */

/* Begin PBXContainerItemProxy section */
		BE1E50CE1860B2560051252B /* PBXContainerItemProxy */ = {
			isa = PBXContainerItemProxy;
			containerPortal = BE1E509D1860B2560051252B /* Project object */;
			proxyType = 1;
			remoteGlobalIDString = BE1E50A41860B2560051252B;
			remoteInfo = Utilikilt;
		};
/* End PBXContainerItemProxy section */

/* Begin PBXFileReference section */
		666FC41173B74535833D3ED2 /* libPods.a */ = {isa = PBXFileReference; explicitFileType = archive.ar; includeInIndex = 0; path = libPods.a; sourceTree = BUILT_PRODUCTS_DIR; };
		BE07A3F918714CB3006AECEE /* CMUDrilldownViewController.h */ = {isa = PBXFileReference; fileEncoding = 4; lastKnownFileType = sourcecode.c.h; path = CMUDrilldownViewController.h; sourceTree = "<group>"; };
		BE07A3FA18714CB3006AECEE /* CMUDrilldownViewController.m */ = {isa = PBXFileReference; fileEncoding = 4; lastKnownFileType = sourcecode.c.objc; path = CMUDrilldownViewController.m; sourceTree = "<group>"; };
		BE1E50A51860B2560051252B /* Utilikilt.app */ = {isa = PBXFileReference; explicitFileType = wrapper.application; includeInIndex = 0; path = Utilikilt.app; sourceTree = BUILT_PRODUCTS_DIR; };
		BE1E50A81860B2560051252B /* Foundation.framework */ = {isa = PBXFileReference; lastKnownFileType = wrapper.framework; name = Foundation.framework; path = System/Library/Frameworks/Foundation.framework; sourceTree = SDKROOT; };
		BE1E50AA1860B2560051252B /* CoreGraphics.framework */ = {isa = PBXFileReference; lastKnownFileType = wrapper.framework; name = CoreGraphics.framework; path = System/Library/Frameworks/CoreGraphics.framework; sourceTree = SDKROOT; };
		BE1E50AC1860B2560051252B /* UIKit.framework */ = {isa = PBXFileReference; lastKnownFileType = wrapper.framework; name = UIKit.framework; path = System/Library/Frameworks/UIKit.framework; sourceTree = SDKROOT; };
		BE1E50B01860B2560051252B /* Utilikilt-Info.plist */ = {isa = PBXFileReference; lastKnownFileType = text.plist.xml; path = "Utilikilt-Info.plist"; sourceTree = "<group>"; };
		BE1E50B21860B2560051252B /* en */ = {isa = PBXFileReference; lastKnownFileType = text.plist.strings; name = en; path = en.lproj/InfoPlist.strings; sourceTree = "<group>"; };
		BE1E50B41860B2560051252B /* main.m */ = {isa = PBXFileReference; lastKnownFileType = sourcecode.c.objc; path = main.m; sourceTree = "<group>"; };
		BE1E50B61860B2560051252B /* Utilikilt-Prefix.pch */ = {isa = PBXFileReference; lastKnownFileType = sourcecode.c.h; path = "Utilikilt-Prefix.pch"; sourceTree = "<group>"; };
		BE1E50B71860B2560051252B /* CMUAppDelegate.h */ = {isa = PBXFileReference; lastKnownFileType = sourcecode.c.h; path = CMUAppDelegate.h; sourceTree = "<group>"; };
		BE1E50B81860B2560051252B /* CMUAppDelegate.m */ = {isa = PBXFileReference; lastKnownFileType = sourcecode.c.objc; path = CMUAppDelegate.m; sourceTree = "<group>"; };
		BE1E50BB1860B2560051252B /* Base */ = {isa = PBXFileReference; lastKnownFileType = file.storyboard; name = Base; path = Base.lproj/Main.storyboard; sourceTree = "<group>"; };
		BE1E50C01860B2560051252B /* CMUSettingsViewController.h */ = {isa = PBXFileReference; lastKnownFileType = sourcecode.c.h; path = CMUSettingsViewController.h; sourceTree = "<group>"; };
		BE1E50C11860B2560051252B /* CMUSettingsViewController.m */ = {isa = PBXFileReference; lastKnownFileType = sourcecode.c.objc; path = CMUSettingsViewController.m; sourceTree = "<group>"; };
		BE1E50C31860B2560051252B /* Images.xcassets */ = {isa = PBXFileReference; lastKnownFileType = folder.assetcatalog; path = Images.xcassets; sourceTree = "<group>"; };
		BE1E50C91860B2560051252B /* UtilikiltTests.xctest */ = {isa = PBXFileReference; explicitFileType = wrapper.cfbundle; includeInIndex = 0; path = UtilikiltTests.xctest; sourceTree = BUILT_PRODUCTS_DIR; };
		BE1E50CA1860B2560051252B /* XCTest.framework */ = {isa = PBXFileReference; lastKnownFileType = wrapper.framework; name = XCTest.framework; path = Library/Frameworks/XCTest.framework; sourceTree = DEVELOPER_DIR; };
		BE1E50D21860B2560051252B /* UtilikiltTests-Info.plist */ = {isa = PBXFileReference; lastKnownFileType = text.plist.xml; path = "UtilikiltTests-Info.plist"; sourceTree = "<group>"; };
		BE1E50D41860B2560051252B /* en */ = {isa = PBXFileReference; lastKnownFileType = text.plist.strings; name = en; path = en.lproj/InfoPlist.strings; sourceTree = "<group>"; };
		BE1E50D61860B2560051252B /* UtilikiltTests.m */ = {isa = PBXFileReference; lastKnownFileType = sourcecode.c.objc; path = UtilikiltTests.m; sourceTree = "<group>"; };
		BE1E50E01860B4D90051252B /* CMUGradesViewController.h */ = {isa = PBXFileReference; fileEncoding = 4; lastKnownFileType = sourcecode.c.h; path = CMUGradesViewController.h; sourceTree = "<group>"; };
		BE1E50E11860B4D90051252B /* CMUGradesViewController.m */ = {isa = PBXFileReference; fileEncoding = 4; lastKnownFileType = sourcecode.c.objc; path = CMUGradesViewController.m; sourceTree = "<group>"; };
		BE1E512A1860CE630051252B /* CMUAuth.h */ = {isa = PBXFileReference; fileEncoding = 4; lastKnownFileType = sourcecode.c.h; path = CMUAuth.h; sourceTree = "<group>"; };
		BE1E512B1860CE630051252B /* CMUAuth.m */ = {isa = PBXFileReference; fileEncoding = 4; lastKnownFileType = sourcecode.c.objc; path = CMUAuth.m; sourceTree = "<group>"; };
		BED7BD0B186E30AB0000D46A /* CMUTabViewController.h */ = {isa = PBXFileReference; fileEncoding = 4; lastKnownFileType = sourcecode.c.h; path = CMUTabViewController.h; sourceTree = "<group>"; };
		BED7BD0C186E30AB0000D46A /* CMUTabViewController.m */ = {isa = PBXFileReference; fileEncoding = 4; lastKnownFileType = sourcecode.c.objc; path = CMUTabViewController.m; sourceTree = "<group>"; };
		D6B7D915AD9C463FAA02F9B3 /* Pods.xcconfig */ = {isa = PBXFileReference; includeInIndex = 1; lastKnownFileType = text.xcconfig; name = Pods.xcconfig; path = Pods/Pods.xcconfig; sourceTree = "<group>"; };
/* End PBXFileReference section */

/* Begin PBXFrameworksBuildPhase section */
		BE1E50A21860B2560051252B /* Frameworks */ = {
			isa = PBXFrameworksBuildPhase;
			buildActionMask = 2147483647;
			files = (
				BE1E50AB1860B2560051252B /* CoreGraphics.framework in Frameworks */,
				BE1E50AD1860B2560051252B /* UIKit.framework in Frameworks */,
				BE1E50A91860B2560051252B /* Foundation.framework in Frameworks */,
				97DE966423AB44C0875C45C5 /* libPods.a in Frameworks */,
			);
			runOnlyForDeploymentPostprocessing = 0;
		};
		BE1E50C61860B2560051252B /* Frameworks */ = {
			isa = PBXFrameworksBuildPhase;
			buildActionMask = 2147483647;
			files = (
				BE1E50CB1860B2560051252B /* XCTest.framework in Frameworks */,
				BE1E50CD1860B2560051252B /* UIKit.framework in Frameworks */,
				BE1E50CC1860B2560051252B /* Foundation.framework in Frameworks */,
			);
			runOnlyForDeploymentPostprocessing = 0;
		};
/* End PBXFrameworksBuildPhase section */

/* Begin PBXGroup section */
		BE1E509C1860B2560051252B = {
			isa = PBXGroup;
			children = (
				BE1E50AE1860B2560051252B /* Utilikilt */,
				BE1E50D01860B2560051252B /* UtilikiltTests */,
				BE1E50A71860B2560051252B /* Frameworks */,
				BE1E50A61860B2560051252B /* Products */,
				D6B7D915AD9C463FAA02F9B3 /* Pods.xcconfig */,
			);
			sourceTree = "<group>";
		};
		BE1E50A61860B2560051252B /* Products */ = {
			isa = PBXGroup;
			children = (
				BE1E50A51860B2560051252B /* Utilikilt.app */,
				BE1E50C91860B2560051252B /* UtilikiltTests.xctest */,
			);
			name = Products;
			sourceTree = "<group>";
		};
		BE1E50A71860B2560051252B /* Frameworks */ = {
			isa = PBXGroup;
			children = (
				BE1E50A81860B2560051252B /* Foundation.framework */,
				BE1E50AA1860B2560051252B /* CoreGraphics.framework */,
				BE1E50AC1860B2560051252B /* UIKit.framework */,
				BE1E50CA1860B2560051252B /* XCTest.framework */,
				666FC41173B74535833D3ED2 /* libPods.a */,
			);
			name = Frameworks;
			sourceTree = "<group>";
		};
		BE1E50AE1860B2560051252B /* Utilikilt */ = {
			isa = PBXGroup;
			children = (
				BE1E50B71860B2560051252B /* CMUAppDelegate.h */,
				BE1E50B81860B2560051252B /* CMUAppDelegate.m */,
				BE1E50BA1860B2560051252B /* Main.storyboard */,
				BE07A3F918714CB3006AECEE /* CMUDrilldownViewController.h */,
				BE07A3FA18714CB3006AECEE /* CMUDrilldownViewController.m */,
				BED7BD0B186E30AB0000D46A /* CMUTabViewController.h */,
				BED7BD0C186E30AB0000D46A /* CMUTabViewController.m */,
				BE1E50E01860B4D90051252B /* CMUGradesViewController.h */,
				BE1E50E11860B4D90051252B /* CMUGradesViewController.m */,
				BE1E50C01860B2560051252B /* CMUSettingsViewController.h */,
				BE1E50C11860B2560051252B /* CMUSettingsViewController.m */,
				BE1E50C31860B2560051252B /* Images.xcassets */,
				BE1E50AF1860B2560051252B /* Supporting Files */,
				BE1E512A1860CE630051252B /* CMUAuth.h */,
				BE1E512B1860CE630051252B /* CMUAuth.m */,
			);
			path = Utilikilt;
			sourceTree = "<group>";
		};
		BE1E50AF1860B2560051252B /* Supporting Files */ = {
			isa = PBXGroup;
			children = (
				BE1E50B01860B2560051252B /* Utilikilt-Info.plist */,
				BE1E50B11860B2560051252B /* InfoPlist.strings */,
				BE1E50B41860B2560051252B /* main.m */,
				BE1E50B61860B2560051252B /* Utilikilt-Prefix.pch */,
			);
			name = "Supporting Files";
			sourceTree = "<group>";
		};
		BE1E50D01860B2560051252B /* UtilikiltTests */ = {
			isa = PBXGroup;
			children = (
				BE1E50D61860B2560051252B /* UtilikiltTests.m */,
				BE1E50D11860B2560051252B /* Supporting Files */,
			);
			path = UtilikiltTests;
			sourceTree = "<group>";
		};
		BE1E50D11860B2560051252B /* Supporting Files */ = {
			isa = PBXGroup;
			children = (
				BE1E50D21860B2560051252B /* UtilikiltTests-Info.plist */,
				BE1E50D31860B2560051252B /* InfoPlist.strings */,
			);
			name = "Supporting Files";
			sourceTree = "<group>";
		};
/* End PBXGroup section */

/* Begin PBXNativeTarget section */
		BE1E50A41860B2560051252B /* Utilikilt */ = {
			isa = PBXNativeTarget;
			buildConfigurationList = BE1E50DA1860B2560051252B /* Build configuration list for PBXNativeTarget "Utilikilt" */;
			buildPhases = (
				5ED9ADB1215140388BBF9DAC /* Check Pods Manifest.lock */,
				BE1E50A11860B2560051252B /* Sources */,
				BE1E50A21860B2560051252B /* Frameworks */,
				BE1E50A31860B2560051252B /* Resources */,
				4F7BC9AC50D847729C7D8290 /* Copy Pods Resources */,
			);
			buildRules = (
			);
			dependencies = (
			);
			name = Utilikilt;
			productName = Utilikilt;
			productReference = BE1E50A51860B2560051252B /* Utilikilt.app */;
			productType = "com.apple.product-type.application";
		};
		BE1E50C81860B2560051252B /* UtilikiltTests */ = {
			isa = PBXNativeTarget;
			buildConfigurationList = BE1E50DD1860B2560051252B /* Build configuration list for PBXNativeTarget "UtilikiltTests" */;
			buildPhases = (
				BE1E50C51860B2560051252B /* Sources */,
				BE1E50C61860B2560051252B /* Frameworks */,
				BE1E50C71860B2560051252B /* Resources */,
			);
			buildRules = (
			);
			dependencies = (
				BE1E50CF1860B2560051252B /* PBXTargetDependency */,
			);
			name = UtilikiltTests;
			productName = UtilikiltTests;
			productReference = BE1E50C91860B2560051252B /* UtilikiltTests.xctest */;
			productType = "com.apple.product-type.bundle.unit-test";
		};
/* End PBXNativeTarget section */

/* Begin PBXProject section */
		BE1E509D1860B2560051252B /* Project object */ = {
			isa = PBXProject;
			attributes = {
				CLASSPREFIX = CMU;
				LastUpgradeCheck = 0500;
				ORGANIZATIONNAME = "Will Crichton";
				TargetAttributes = {
					BE1E50C81860B2560051252B = {
						TestTargetID = BE1E50A41860B2560051252B;
					};
				};
			};
			buildConfigurationList = BE1E50A01860B2560051252B /* Build configuration list for PBXProject "Utilikilt" */;
			compatibilityVersion = "Xcode 3.2";
			developmentRegion = English;
			hasScannedForEncodings = 0;
			knownRegions = (
				en,
				Base,
			);
			mainGroup = BE1E509C1860B2560051252B;
			productRefGroup = BE1E50A61860B2560051252B /* Products */;
			projectDirPath = "";
			projectRoot = "";
			targets = (
				BE1E50A41860B2560051252B /* Utilikilt */,
				BE1E50C81860B2560051252B /* UtilikiltTests */,
			);
		};
/* End PBXProject section */

/* Begin PBXResourcesBuildPhase section */
		BE1E50A31860B2560051252B /* Resources */ = {
			isa = PBXResourcesBuildPhase;
			buildActionMask = 2147483647;
			files = (
				BE1E50C41860B2560051252B /* Images.xcassets in Resources */,
				BE1E50B31860B2560051252B /* InfoPlist.strings in Resources */,
				BE1E50BC1860B2560051252B /* Main.storyboard in Resources */,
			);
			runOnlyForDeploymentPostprocessing = 0;
		};
		BE1E50C71860B2560051252B /* Resources */ = {
			isa = PBXResourcesBuildPhase;
			buildActionMask = 2147483647;
			files = (
				BE1E50D51860B2560051252B /* InfoPlist.strings in Resources */,
			);
			runOnlyForDeploymentPostprocessing = 0;
		};
/* End PBXResourcesBuildPhase section */

/* Begin PBXShellScriptBuildPhase section */
		4F7BC9AC50D847729C7D8290 /* Copy Pods Resources */ = {
			isa = PBXShellScriptBuildPhase;
			buildActionMask = 2147483647;
			files = (
			);
			inputPaths = (
			);
			name = "Copy Pods Resources";
			outputPaths = (
			);
			runOnlyForDeploymentPostprocessing = 0;
			shellPath = /bin/sh;
			shellScript = "\"${SRCROOT}/Pods/Pods-resources.sh\"\n";
			showEnvVarsInLog = 0;
		};
		5ED9ADB1215140388BBF9DAC /* Check Pods Manifest.lock */ = {
			isa = PBXShellScriptBuildPhase;
			buildActionMask = 2147483647;
			files = (
			);
			inputPaths = (
			);
			name = "Check Pods Manifest.lock";
			outputPaths = (
			);
			runOnlyForDeploymentPostprocessing = 0;
			shellPath = /bin/sh;
			shellScript = "diff \"${PODS_ROOT}/../Podfile.lock\" \"${PODS_ROOT}/Manifest.lock\" > /dev/null\nif [[ $? != 0 ]] ; then\n    cat << EOM\nerror: The sandbox is not in sync with the Podfile.lock. Run 'pod install' or update your CocoaPods installation.\nEOM\n    exit 1\nfi\n";
			showEnvVarsInLog = 0;
		};
/* End PBXShellScriptBuildPhase section */

/* Begin PBXSourcesBuildPhase section */
		BE1E50A11860B2560051252B /* Sources */ = {
			isa = PBXSourcesBuildPhase;
			buildActionMask = 2147483647;
			files = (
				BE1E50E21860B4D90051252B /* CMUGradesViewController.m in Sources */,
				BE1E50C21860B2560051252B /* CMUSettingsViewController.m in Sources */,
				BE1E50B91860B2560051252B /* CMUAppDelegate.m in Sources */,
				BE1E50B51860B2560051252B /* main.m in Sources */,
				BED7BD0D186E30AB0000D46A /* CMUTabViewController.m in Sources */,
				BE1E512C1860CE630051252B /* CMUAuth.m in Sources */,
				BE07A3FB18714CB3006AECEE /* CMUDrilldownViewController.m in Sources */,
			);
			runOnlyForDeploymentPostprocessing = 0;
		};
		BE1E50C51860B2560051252B /* Sources */ = {
			isa = PBXSourcesBuildPhase;
			buildActionMask = 2147483647;
			files = (
				BE1E50D71860B2560051252B /* UtilikiltTests.m in Sources */,
			);
			runOnlyForDeploymentPostprocessing = 0;
		};
/* End PBXSourcesBuildPhase section */

/* Begin PBXTargetDependency section */
		BE1E50CF1860B2560051252B /* PBXTargetDependency */ = {
			isa = PBXTargetDependency;
			target = BE1E50A41860B2560051252B /* Utilikilt */;
			targetProxy = BE1E50CE1860B2560051252B /* PBXContainerItemProxy */;
		};
/* End PBXTargetDependency section */

/* Begin PBXVariantGroup section */
		BE1E50B11860B2560051252B /* InfoPlist.strings */ = {
			isa = PBXVariantGroup;
			children = (
				BE1E50B21860B2560051252B /* en */,
			);
			name = InfoPlist.strings;
			sourceTree = "<group>";
		};
		BE1E50BA1860B2560051252B /* Main.storyboard */ = {
			isa = PBXVariantGroup;
			children = (
				BE1E50BB1860B2560051252B /* Base */,
			);
			name = Main.storyboard;
			sourceTree = "<group>";
		};
		BE1E50D31860B2560051252B /* InfoPlist.strings */ = {
			isa = PBXVariantGroup;
			children = (
				BE1E50D41860B2560051252B /* en */,
			);
			name = InfoPlist.strings;
			sourceTree = "<group>";
		};
/* End PBXVariantGroup section */

/* Begin XCBuildConfiguration section */
		BE1E50D81860B2560051252B /* Debug */ = {
			isa = XCBuildConfiguration;
			buildSettings = {
				ALWAYS_SEARCH_USER_PATHS = NO;
				ARCHS = "$(ARCHS_STANDARD_INCLUDING_64_BIT)";
				CLANG_CXX_LANGUAGE_STANDARD = "gnu++0x";
				CLANG_CXX_LIBRARY = "libc++";
				CLANG_ENABLE_MODULES = YES;
				CLANG_ENABLE_OBJC_ARC = YES;
				CLANG_WARN_BOOL_CONVERSION = YES;
				CLANG_WARN_CONSTANT_CONVERSION = YES;
				CLANG_WARN_DIRECT_OBJC_ISA_USAGE = YES_ERROR;
				CLANG_WARN_EMPTY_BODY = YES;
				CLANG_WARN_ENUM_CONVERSION = YES;
				CLANG_WARN_INT_CONVERSION = YES;
				CLANG_WARN_OBJC_ROOT_CLASS = YES_ERROR;
				CLANG_WARN__DUPLICATE_METHOD_MATCH = YES;
				"CODE_SIGN_IDENTITY[sdk=iphoneos*]" = "iPhone Developer";
				COPY_PHASE_STRIP = NO;
				GCC_C_LANGUAGE_STANDARD = gnu99;
				GCC_DYNAMIC_NO_PIC = NO;
				GCC_OPTIMIZATION_LEVEL = 0;
				GCC_PREPROCESSOR_DEFINITIONS = (
					"DEBUG=1",
					"$(inherited)",
				);
				GCC_SYMBOLS_PRIVATE_EXTERN = NO;
				GCC_WARN_64_TO_32_BIT_CONVERSION = YES;
				GCC_WARN_ABOUT_RETURN_TYPE = YES_ERROR;
				GCC_WARN_UNDECLARED_SELECTOR = YES;
				GCC_WARN_UNINITIALIZED_AUTOS = YES;
				GCC_WARN_UNUSED_FUNCTION = YES;
				GCC_WARN_UNUSED_VARIABLE = YES;
				IPHONEOS_DEPLOYMENT_TARGET = 7.0;
				ONLY_ACTIVE_ARCH = YES;
				SDKROOT = iphoneos;
			};
			name = Debug;
		};
		BE1E50D91860B2560051252B /* Release */ = {
			isa = XCBuildConfiguration;
			buildSettings = {
				ALWAYS_SEARCH_USER_PATHS = NO;
				ARCHS = "$(ARCHS_STANDARD_INCLUDING_64_BIT)";
				CLANG_CXX_LANGUAGE_STANDARD = "gnu++0x";
				CLANG_CXX_LIBRARY = "libc++";
				CLANG_ENABLE_MODULES = YES;
				CLANG_ENABLE_OBJC_ARC = YES;
				CLANG_WARN_BOOL_CONVERSION = YES;
				CLANG_WARN_CONSTANT_CONVERSION = YES;
				CLANG_WARN_DIRECT_OBJC_ISA_USAGE = YES_ERROR;
				CLANG_WARN_EMPTY_BODY = YES;
				CLANG_WARN_ENUM_CONVERSION = YES;
				CLANG_WARN_INT_CONVERSION = YES;
				CLANG_WARN_OBJC_ROOT_CLASS = YES_ERROR;
				CLANG_WARN__DUPLICATE_METHOD_MATCH = YES;
				"CODE_SIGN_IDENTITY[sdk=iphoneos*]" = "iPhone Developer";
				COPY_PHASE_STRIP = YES;
				ENABLE_NS_ASSERTIONS = NO;
				GCC_C_LANGUAGE_STANDARD = gnu99;
				GCC_WARN_64_TO_32_BIT_CONVERSION = YES;
				GCC_WARN_ABOUT_RETURN_TYPE = YES_ERROR;
				GCC_WARN_UNDECLARED_SELECTOR = YES;
				GCC_WARN_UNINITIALIZED_AUTOS = YES;
				GCC_WARN_UNUSED_FUNCTION = YES;
				GCC_WARN_UNUSED_VARIABLE = YES;
				IPHONEOS_DEPLOYMENT_TARGET = 7.0;
				SDKROOT = iphoneos;
				VALIDATE_PRODUCT = YES;
			};
			name = Release;
		};
		BE1E50DB1860B2560051252B /* Debug */ = {
			isa = XCBuildConfiguration;
			baseConfigurationReference = D6B7D915AD9C463FAA02F9B3 /* Pods.xcconfig */;
			buildSettings = {
				ASSETCATALOG_COMPILER_APPICON_NAME = AppIcon;
				ASSETCATALOG_COMPILER_LAUNCHIMAGE_NAME = LaunchImage;
				GCC_PRECOMPILE_PREFIX_HEADER = YES;
				GCC_PREFIX_HEADER = "Utilikilt/Utilikilt-Prefix.pch";
				INFOPLIST_FILE = "Utilikilt/Utilikilt-Info.plist";
				PRODUCT_NAME = "$(TARGET_NAME)";
				WRAPPER_EXTENSION = app;
			};
			name = Debug;
		};
		BE1E50DC1860B2560051252B /* Release */ = {
			isa = XCBuildConfiguration;
			baseConfigurationReference = D6B7D915AD9C463FAA02F9B3 /* Pods.xcconfig */;
			buildSettings = {
				ASSETCATALOG_COMPILER_APPICON_NAME = AppIcon;
				ASSETCATALOG_COMPILER_LAUNCHIMAGE_NAME = LaunchImage;
				GCC_PRECOMPILE_PREFIX_HEADER = YES;
				GCC_PREFIX_HEADER = "Utilikilt/Utilikilt-Prefix.pch";
				INFOPLIST_FILE = "Utilikilt/Utilikilt-Info.plist";
				PRODUCT_NAME = "$(TARGET_NAME)";
				WRAPPER_EXTENSION = app;
			};
			name = Release;
		};
		BE1E50DE1860B2560051252B /* Debug */ = {
			isa = XCBuildConfiguration;
			buildSettings = {
				ARCHS = "$(ARCHS_STANDARD_INCLUDING_64_BIT)";
				BUNDLE_LOADER = "$(BUILT_PRODUCTS_DIR)/Utilikilt.app/Utilikilt";
				FRAMEWORK_SEARCH_PATHS = (
					"$(SDKROOT)/Developer/Library/Frameworks",
					"$(inherited)",
					"$(DEVELOPER_FRAMEWORKS_DIR)",
				);
				GCC_PRECOMPILE_PREFIX_HEADER = YES;
				GCC_PREFIX_HEADER = "Utilikilt/Utilikilt-Prefix.pch";
				GCC_PREPROCESSOR_DEFINITIONS = (
					"DEBUG=1",
					"$(inherited)",
				);
				INFOPLIST_FILE = "UtilikiltTests/UtilikiltTests-Info.plist";
				PRODUCT_NAME = "$(TARGET_NAME)";
				TEST_HOST = "$(BUNDLE_LOADER)";
				WRAPPER_EXTENSION = xctest;
			};
			name = Debug;
		};
		BE1E50DF1860B2560051252B /* Release */ = {
			isa = XCBuildConfiguration;
			buildSettings = {
				ARCHS = "$(ARCHS_STANDARD_INCLUDING_64_BIT)";
				BUNDLE_LOADER = "$(BUILT_PRODUCTS_DIR)/Utilikilt.app/Utilikilt";
				FRAMEWORK_SEARCH_PATHS = (
					"$(SDKROOT)/Developer/Library/Frameworks",
					"$(inherited)",
					"$(DEVELOPER_FRAMEWORKS_DIR)",
				);
				GCC_PRECOMPILE_PREFIX_HEADER = YES;
				GCC_PREFIX_HEADER = "Utilikilt/Utilikilt-Prefix.pch";
				INFOPLIST_FILE = "UtilikiltTests/UtilikiltTests-Info.plist";
				PRODUCT_NAME = "$(TARGET_NAME)";
				TEST_HOST = "$(BUNDLE_LOADER)";
				WRAPPER_EXTENSION = xctest;
			};
			name = Release;
		};
/* End XCBuildConfiguration section */

/* Begin XCConfigurationList section */
		BE1E50A01860B2560051252B /* Build configuration list for PBXProject "Utilikilt" */ = {
			isa = XCConfigurationList;
			buildConfigurations = (
				BE1E50D81860B2560051252B /* Debug */,
				BE1E50D91860B2560051252B /* Release */,
			);
			defaultConfigurationIsVisible = 0;
			defaultConfigurationName = Release;
		};
		BE1E50DA1860B2560051252B /* Build configuration list for PBXNativeTarget "Utilikilt" */ = {
			isa = XCConfigurationList;
			buildConfigurations = (
				BE1E50DB1860B2560051252B /* Debug */,
				BE1E50DC1860B2560051252B /* Release */,
			);
			defaultConfigurationIsVisible = 0;
			defaultConfigurationName = Release;
		};
		BE1E50DD1860B2560051252B /* Build configuration list for PBXNativeTarget "UtilikiltTests" */ = {
			isa = XCConfigurationList;
			buildConfigurations = (
				BE1E50DE1860B2560051252B /* Debug */,
				BE1E50DF1860B2560051252B /* Release */,
			);
			defaultConfigurationIsVisible = 0;
			defaultConfigurationName = Release;
		};
/* End XCConfigurationList section */
	};
	rootObject = BE1E509D1860B2560051252B /* Project object */;
}
